
Microsoft Visual Studio Solution File, Format Version 12.00
# Visual Studio Version 17
VisualStudioVersion = 17.0.31903.59
MinimumVisualStudioVersion = 10.0.40219.1
Project("{FAE04EC0-301F-11D3-BF4B-00C04F79EFBC}") = "SEDC.Lamazon.Web", "SEDC.Lamazon.Web\SEDC.Lamazon.Web.csproj", "{C86EA9F8-E0AF-4A8C-A206-A446BAB22FC3}"
EndProject
Project("{FAE04EC0-301F-11D3-BF4B-00C04F79EFBC}") = "SEDC.Lamazon.Domain", "SEDC.Lamazon.Domain\SEDC.Lamazon.Domain.csproj", "{29A7AB71-66B0-4DD6-9795-C73E733F5DAC}"
EndProject
Project("{FAE04EC0-301F-11D3-BF4B-00C04F79EFBC}") = "SEDC.Lamazon.DataAccess", "SEDC.Lamazon.DataAccess\SEDC.Lamazon.DataAccess.csproj", "{6FCAB069-B4ED-4FEE-8D07-F6157F1C46C6}"
EndProject
Project("{FAE04EC0-301F-11D3-BF4B-00C04F79EFBC}") = "SEDC.Lamazon.Services", "SEDC.Lamazon.Services\SEDC.Lamazon.Services.csproj", "{969EE33E-241C-4451-8B6E-AD3D50290B2F}"
EndProject
Global
	GlobalSection(SolutionConfigurationPlatforms) = preSolution
		Debug|Any CPU = Debug|Any CPU
		Release|Any CPU = Release|Any CPU
	EndGlobalSection
	GlobalSection(ProjectConfigurationPlatforms) = postSolution
		{C86EA9F8-E0AF-4A8C-A206-A446BAB22FC3}.Debug|Any CPU.ActiveCfg = Debug|Any CPU
		{C86EA9F8-E0AF-4A8C-A206-A446BAB22FC3}.Debug|Any CPU.Build.0 = Debug|Any CPU
		{C86EA9F8-E0AF-4A8C-A206-A446BAB22FC3}.Release|Any CPU.ActiveCfg = Release|Any CPU
		{C86EA9F8-E0AF-4A8C-A206-A446BAB22FC3}.Release|Any CPU.Build.0 = Release|Any CPU
		{29A7AB71-66B0-4DD6-9795-C73E733F5DAC}.Debug|Any CPU.ActiveCfg = Debug|Any CPU
		{29A7AB71-66B0-4DD6-9795-C73E733F5DAC}.Debug|Any CPU.Build.0 = Debug|Any CPU
		{29A7AB71-66B0-4DD6-9795-C73E733F5DAC}.Release|Any CPU.ActiveCfg = Release|Any CPU
		{29A7AB71-66B0-4DD6-9795-C73E733F5DAC}.Release|Any CPU.Build.0 = Release|Any CPU
		{6FCAB069-B4ED-4FEE-8D07-F6157F1C46C6}.Debug|Any CPU.ActiveCfg = Debug|Any CPU
		{6FCAB069-B4ED-4FEE-8D07-F6157F1C46C6}.Debug|Any CPU.Build.0 = Debug|Any CPU
		{6FCAB069-B4ED-4FEE-8D07-F6157F1C46C6}.Release|Any CPU.ActiveCfg = Release|Any CPU
		{6FCAB069-B4ED-4FEE-8D07-F6157F1C46C6}.Release|Any CPU.Build.0 = Release|Any CPU
		{969EE33E-241C-4451-8B6E-AD3D50290B2F}.Debug|Any CPU.ActiveCfg = Debug|Any CPU
		{969EE33E-241C-4451-8B6E-AD3D50290B2F}.Debug|Any CPU.Build.0 = Debug|Any CPU
		{969EE33E-241C-4451-8B6E-AD3D50290B2F}.Release|Any CPU.ActiveCfg = Release|Any CPU
		{969EE33E-241C-4451-8B6E-AD3D50290B2F}.Release|Any CPU.Build.0 = Release|Any CPU
	EndGlobalSection
	GlobalSection(SolutionProperties) = preSolution
		HideSolutionNode = FALSE
	EndGlobalSection
	GlobalSection(ExtensibilityGlobals) = postSolution
		SolutionGuid = {DFF726CB-C8EA-41E5-8907-3CE21022102F}
	EndGlobalSection
EndGlobal
